
Microsoft Visual Studio Solution File, Format Version 12.00
# Visual Studio Version 17
VisualStudioVersion = 17.7.34221.43
MinimumVisualStudioVersion = 10.0.40219.1
Project("{FAE04EC0-301F-11D3-BF4B-00C04F79EFBC}") = "createWebApplicationCalculator", "createWebApplicationCalculator\createWebApplicationCalculator.csproj", "{98B0B910-A493-40F7-94D0-750D3AED785C}"
EndProject
Global
	GlobalSection(SolutionConfigurationPlatforms) = preSolution
		Debug|Any CPU = Debug|Any CPU
		Release|Any CPU = Release|Any CPU
	EndGlobalSection
	GlobalSection(ProjectConfigurationPlatforms) = postSolution
		{98B0B910-A493-40F7-94D0-750D3AED785C}.Debug|Any CPU.ActiveCfg = Debug|Any CPU
		{98B0B910-A493-40F7-94D0-750D3AED785C}.Debug|Any CPU.Build.0 = Debug|Any CPU
		{98B0B910-A493-40F7-94D0-750D3AED785C}.Release|Any CPU.ActiveCfg = Release|Any CPU
		{98B0B910-A493-40F7-94D0-750D3AED785C}.Release|Any CPU.Build.0 = Release|Any CPU
	EndGlobalSection
	GlobalSection(SolutionProperties) = preSolution
		HideSolutionNode = FALSE
	EndGlobalSection
	GlobalSection(ExtensibilityGlobals) = postSolution
		SolutionGuid = {AE9C15FF-B463-4230-8C75-CAD0EF716385}
	EndGlobalSection
EndGlobal
